
Microsoft Visual Studio Solution File, Format Version 12.00
# Visual Studio Version 17
VisualStudioVersion = 17.10.34928.147
MinimumVisualStudioVersion = 10.0.40219.1
Project("{FAE04EC0-301F-11D3-BF4B-00C04F79EFBC}") = "FrontEnd.TestGetechnologies", "FrontEnd.TestGetechnologies\FrontEnd.TestGetechnologies.csproj", "{8DD67E68-35CA-481D-A0C9-8434FB8FE49D}"
EndProject
Global
	GlobalSection(SolutionConfigurationPlatforms) = preSolution
		Debug|Any CPU = Debug|Any CPU
		Release|Any CPU = Release|Any CPU
	EndGlobalSection
	GlobalSection(ProjectConfigurationPlatforms) = postSolution
		{8DD67E68-35CA-481D-A0C9-8434FB8FE49D}.Debug|Any CPU.ActiveCfg = Debug|Any CPU
		{8DD67E68-35CA-481D-A0C9-8434FB8FE49D}.Debug|Any CPU.Build.0 = Debug|Any CPU
		{8DD67E68-35CA-481D-A0C9-8434FB8FE49D}.Release|Any CPU.ActiveCfg = Release|Any CPU
		{8DD67E68-35CA-481D-A0C9-8434FB8FE49D}.Release|Any CPU.Build.0 = Release|Any CPU
	EndGlobalSection
	GlobalSection(SolutionProperties) = preSolution
		HideSolutionNode = FALSE
	EndGlobalSection
	GlobalSection(ExtensibilityGlobals) = postSolution
		SolutionGuid = {E0D1FD08-604A-4FFB-87FB-C41864E0C5FE}
	EndGlobalSection
EndGlobal
